PODS:
  - Alamofire (3.3.1)
  - AlamofireImage (2.4.0):
    - Alamofire (~> 3.3)
  - AlamofireNetworkActivityIndicator (1.0.1):
    - Alamofire (~> 3.3)
  - KeychainAccess (2.3.5)
  - ObjectMapper (1.2.0)

DEPENDENCIES:
  - Alamofire
  - AlamofireImage
  - AlamofireNetworkActivityIndicator (~> 1.0)
  - KeychainAccess
  - ObjectMapper (~> 1.2)

SPEC CHECKSUMS:
  Alamofire: 369bc67b6f5ac33ded3648d7bd21c5bfb91c2ecc
  AlamofireImage: 87408b652e0f5ae5fe364035f15aea8b9b24c77e
  AlamofireNetworkActivityIndicator: 49a6e39afb947136f7b1872bae2d684957c26697
  KeychainAccess: e283c1981a6c5655e1984cd411c6faf16fa165ae
  ObjectMapper: b1e9c7c8a9f6400b72690c80072c131504caa66f

COCOAPODS: 0.39.0
