// !$*UTF8*$!
{
	archiveVersion = 1;
	classes = {
	};
	objectVersion = 46;
	objects = {

/* Begin PBXBuildFile section */
		52AA5A9A07ED55E6CE7C6959 /* Pods_HokutosaiApp.framework in Frameworks */ = {isa = PBXBuildFile; fileRef = 906BE70B87479B1542A60B06 /* Pods_HokutosaiApp.framework */; };
		A77483021CCB7695003AC18F /* NetworkResource.swift in Sources */ = {isa = PBXBuildFile; fileRef = A77483011CCB7695003AC18F /* NetworkResource.swift */; };
		A77483041CCB79FC003AC18F /* Endpoint.swift in Sources */ = {isa = PBXBuildFile; fileRef = A77483031CCB79FC003AC18F /* Endpoint.swift */; };
		A77483061CCB7B9E003AC18F /* REST.swift in Sources */ = {isa = PBXBuildFile; fileRef = A77483051CCB7B9E003AC18F /* REST.swift */; };
		A77483081CCB8D1A003AC18F /* HttpResponse.swift in Sources */ = {isa = PBXBuildFile; fileRef = A77483071CCB8D1A003AC18F /* HttpResponse.swift */; };
		A774830B1CCBAA28003AC18F /* HokutosaiApiEndpoint.swift in Sources */ = {isa = PBXBuildFile; fileRef = A774830A1CCBAA28003AC18F /* HokutosaiApiEndpoint.swift */; };
		A774830D1CCBAA9F003AC18F /* HokutosaiApiError.swift in Sources */ = {isa = PBXBuildFile; fileRef = A774830C1CCBAA9F003AC18F /* HokutosaiApiError.swift */; };
		A774830F1CCBB0E0003AC18F /* HokutosaiApi.swift in Sources */ = {isa = PBXBuildFile; fileRef = A774830E1CCBB0E0003AC18F /* HokutosaiApi.swift */; };
		A77483131CCBBC1E003AC18F /* HokutosaiAccount.swift in Sources */ = {isa = PBXBuildFile; fileRef = A77483121CCBBC1E003AC18F /* HokutosaiAccount.swift */; };
		A77483161CCBCC90003AC18F /* Shop.swift in Sources */ = {isa = PBXBuildFile; fileRef = A77483151CCBCC90003AC18F /* Shop.swift */; };
		A77483191CCBCE98003AC18F /* AssessedScore.swift in Sources */ = {isa = PBXBuildFile; fileRef = A77483181CCBCE98003AC18F /* AssessedScore.swift */; };
		A774831B1CCBE285003AC18F /* AccountManager.swift in Sources */ = {isa = PBXBuildFile; fileRef = A774831A1CCBE285003AC18F /* AccountManager.swift */; };
		A774831F1CCCBBA8003AC18F /* DetailedShop.swift in Sources */ = {isa = PBXBuildFile; fileRef = A774831E1CCCBBA8003AC18F /* DetailedShop.swift */; };
		A77483221CCCBCB3003AC18F /* Place.swift in Sources */ = {isa = PBXBuildFile; fileRef = A77483211CCCBCB3003AC18F /* Place.swift */; };
		A77483241CCCBF13003AC18F /* MenuItem.swift in Sources */ = {isa = PBXBuildFile; fileRef = A77483231CCCBF13003AC18F /* MenuItem.swift */; };
		A77483261CCCC08A003AC18F /* Assessment.swift in Sources */ = {isa = PBXBuildFile; fileRef = A77483251CCCC08A003AC18F /* Assessment.swift */; };
		A77483291CCCC427003AC18F /* User.swift in Sources */ = {isa = PBXBuildFile; fileRef = A77483281CCCC427003AC18F /* User.swift */; };
		A774832C1CCCC84B003AC18F /* HokutosaiDateTransform.swift in Sources */ = {isa = PBXBuildFile; fileRef = A774832B1CCCC84B003AC18F /* HokutosaiDateTransform.swift */; };
		A774832E1CCCD1AA003AC18F /* MyAssessment.swift in Sources */ = {isa = PBXBuildFile; fileRef = A774832D1CCCD1AA003AC18F /* MyAssessment.swift */; };
		A77483301CCCD2AB003AC18F /* ShopMyAssessment.swift in Sources */ = {isa = PBXBuildFile; fileRef = A774832F1CCCD2AB003AC18F /* ShopMyAssessment.swift */; };
		A77483331CCCD380003AC18F /* LikeResult.swift in Sources */ = {isa = PBXBuildFile; fileRef = A77483321CCCD380003AC18F /* LikeResult.swift */; };
		A77B38FB1CC8C22C00012A0E /* AppDelegate.swift in Sources */ = {isa = PBXBuildFile; fileRef = A77B38FA1CC8C22C00012A0E /* AppDelegate.swift */; };
		A77B39021CC8C22C00012A0E /* Assets.xcassets in Resources */ = {isa = PBXBuildFile; fileRef = A77B39011CC8C22C00012A0E /* Assets.xcassets */; };
		A77B39101CC8C22C00012A0E /* HokutosaiAppTests.swift in Sources */ = {isa = PBXBuildFile; fileRef = A77B390F1CC8C22C00012A0E /* HokutosaiAppTests.swift */; };
		A77B391B1CC8C22C00012A0E /* HokutosaiAppUITests.swift in Sources */ = {isa = PBXBuildFile; fileRef = A77B391A1CC8C22C00012A0E /* HokutosaiAppUITests.swift */; };
		A77F9DE51CC9008600BEE9A7 /* MainTabViewController.swift in Sources */ = {isa = PBXBuildFile; fileRef = A77F9DE41CC9008600BEE9A7 /* MainTabViewController.swift */; };
		A77F9DE71CC910A400BEE9A7 /* NewsViewController.swift in Sources */ = {isa = PBXBuildFile; fileRef = A77F9DE61CC910A400BEE9A7 /* NewsViewController.swift */; };
		A77F9DE91CC910F800BEE9A7 /* ShopsViewController.swift in Sources */ = {isa = PBXBuildFile; fileRef = A77F9DE81CC910F800BEE9A7 /* ShopsViewController.swift */; };
		A77F9DEB1CC9111000BEE9A7 /* ExhibitionsViewController.swift in Sources */ = {isa = PBXBuildFile; fileRef = A77F9DEA1CC9111000BEE9A7 /* ExhibitionsViewController.swift */; };
		A77F9DED1CC9112700BEE9A7 /* EventsViewController.swift in Sources */ = {isa = PBXBuildFile; fileRef = A77F9DEC1CC9112700BEE9A7 /* EventsViewController.swift */; };
/* End PBXBuildFile section */

/* Begin PBXContainerItemProxy section */
		A77B390C1CC8C22C00012A0E /* PBXContainerItemProxy */ = {
			isa = PBXContainerItemProxy;
			containerPortal = A77B38EF1CC8C22C00012A0E /* Project object */;
			proxyType = 1;
			remoteGlobalIDString = A77B38F61CC8C22C00012A0E;
			remoteInfo = HokutosaiApp;
		};
		A77B39171CC8C22C00012A0E /* PBXContainerItemProxy */ = {
			isa = PBXContainerItemProxy;
			containerPortal = A77B38EF1CC8C22C00012A0E /* Project object */;
			proxyType = 1;
			remoteGlobalIDString = A77B38F61CC8C22C00012A0E;
			remoteInfo = HokutosaiApp;
		};
/* End PBXContainerItemProxy section */

/* Begin PBXFileReference section */
		906BE70B87479B1542A60B06 /* Pods_HokutosaiApp.framework */ = {isa = PBXFileReference; explicitFileType = wrapper.framework; includeInIndex = 0; path = Pods_HokutosaiApp.framework; sourceTree = BUILT_PRODUCTS_DIR; };
		97E68EEBAEB8E63EB23447F5 /* Pods-HokutosaiApp.debug.xcconfig */ = {isa = PBXFileReference; includeInIndex = 1; lastKnownFileType = text.xcconfig; name = "Pods-HokutosaiApp.debug.xcconfig"; path = "Pods/Target Support Files/Pods-HokutosaiApp/Pods-HokutosaiApp.debug.xcconfig"; sourceTree = "<group>"; };
		A77483011CCB7695003AC18F /* NetworkResource.swift */ = {isa = PBXFileReference; fileEncoding = 4; lastKnownFileType = sourcecode.swift; path = NetworkResource.swift; sourceTree = "<group>"; };
		A77483031CCB79FC003AC18F /* Endpoint.swift */ = {isa = PBXFileReference; fileEncoding = 4; lastKnownFileType = sourcecode.swift; path = Endpoint.swift; sourceTree = "<group>"; };
		A77483051CCB7B9E003AC18F /* REST.swift */ = {isa = PBXFileReference; fileEncoding = 4; lastKnownFileType = sourcecode.swift; path = REST.swift; sourceTree = "<group>"; };
		A77483071CCB8D1A003AC18F /* HttpResponse.swift */ = {isa = PBXFileReference; fileEncoding = 4; lastKnownFileType = sourcecode.swift; path = HttpResponse.swift; sourceTree = "<group>"; };
		A774830A1CCBAA28003AC18F /* HokutosaiApiEndpoint.swift */ = {isa = PBXFileReference; fileEncoding = 4; lastKnownFileType = sourcecode.swift; path = HokutosaiApiEndpoint.swift; sourceTree = "<group>"; };
		A774830C1CCBAA9F003AC18F /* HokutosaiApiError.swift */ = {isa = PBXFileReference; fileEncoding = 4; lastKnownFileType = sourcecode.swift; path = HokutosaiApiError.swift; sourceTree = "<group>"; };
		A774830E1CCBB0E0003AC18F /* HokutosaiApi.swift */ = {isa = PBXFileReference; fileEncoding = 4; lastKnownFileType = sourcecode.swift; path = HokutosaiApi.swift; sourceTree = "<group>"; };
		A77483121CCBBC1E003AC18F /* HokutosaiAccount.swift */ = {isa = PBXFileReference; fileEncoding = 4; lastKnownFileType = sourcecode.swift; path = HokutosaiAccount.swift; sourceTree = "<group>"; };
		A77483151CCBCC90003AC18F /* Shop.swift */ = {isa = PBXFileReference; fileEncoding = 4; lastKnownFileType = sourcecode.swift; path = Shop.swift; sourceTree = "<group>"; };
		A77483181CCBCE98003AC18F /* AssessedScore.swift */ = {isa = PBXFileReference; fileEncoding = 4; lastKnownFileType = sourcecode.swift; path = AssessedScore.swift; sourceTree = "<group>"; };
		A774831A1CCBE285003AC18F /* AccountManager.swift */ = {isa = PBXFileReference; fileEncoding = 4; lastKnownFileType = sourcecode.swift; path = AccountManager.swift; sourceTree = "<group>"; };
		A774831E1CCCBBA8003AC18F /* DetailedShop.swift */ = {isa = PBXFileReference; fileEncoding = 4; lastKnownFileType = sourcecode.swift; path = DetailedShop.swift; sourceTree = "<group>"; };
		A77483211CCCBCB3003AC18F /* Place.swift */ = {isa = PBXFileReference; fileEncoding = 4; lastKnownFileType = sourcecode.swift; path = Place.swift; sourceTree = "<group>"; };
		A77483231CCCBF13003AC18F /* MenuItem.swift */ = {isa = PBXFileReference; fileEncoding = 4; lastKnownFileType = sourcecode.swift; path = MenuItem.swift; sourceTree = "<group>"; };
		A77483251CCCC08A003AC18F /* Assessment.swift */ = {isa = PBXFileReference; fileEncoding = 4; lastKnownFileType = sourcecode.swift; path = Assessment.swift; sourceTree = "<group>"; };
		A77483281CCCC427003AC18F /* User.swift */ = {isa = PBXFileReference; fileEncoding = 4; lastKnownFileType = sourcecode.swift; path = User.swift; sourceTree = "<group>"; };
		A774832B1CCCC84B003AC18F /* HokutosaiDateTransform.swift */ = {isa = PBXFileReference; fileEncoding = 4; lastKnownFileType = sourcecode.swift; path = HokutosaiDateTransform.swift; sourceTree = "<group>"; };
		A774832D1CCCD1AA003AC18F /* MyAssessment.swift */ = {isa = PBXFileReference; fileEncoding = 4; lastKnownFileType = sourcecode.swift; path = MyAssessment.swift; sourceTree = "<group>"; };
		A774832F1CCCD2AB003AC18F /* ShopMyAssessment.swift */ = {isa = PBXFileReference; fileEncoding = 4; lastKnownFileType = sourcecode.swift; path = ShopMyAssessment.swift; sourceTree = "<group>"; };
		A77483321CCCD380003AC18F /* LikeResult.swift */ = {isa = PBXFileReference; fileEncoding = 4; lastKnownFileType = sourcecode.swift; path = LikeResult.swift; sourceTree = "<group>"; };
		A77B38F71CC8C22C00012A0E /* HokutosaiApp.app */ = {isa = PBXFileReference; explicitFileType = wrapper.application; includeInIndex = 0; path = HokutosaiApp.app; sourceTree = BUILT_PRODUCTS_DIR; };
		A77B38FA1CC8C22C00012A0E /* AppDelegate.swift */ = {isa = PBXFileReference; lastKnownFileType = sourcecode.swift; path = AppDelegate.swift; sourceTree = "<group>"; };
		A77B39011CC8C22C00012A0E /* Assets.xcassets */ = {isa = PBXFileReference; lastKnownFileType = folder.assetcatalog; path = Assets.xcassets; sourceTree = "<group>"; };
		A77B39061CC8C22C00012A0E /* Info.plist */ = {isa = PBXFileReference; lastKnownFileType = text.plist.xml; path = Info.plist; sourceTree = "<group>"; };
		A77B390B1CC8C22C00012A0E /* HokutosaiAppTests.xctest */ = {isa = PBXFileReference; explicitFileType = wrapper.cfbundle; includeInIndex = 0; path = HokutosaiAppTests.xctest; sourceTree = BUILT_PRODUCTS_DIR; };
		A77B390F1CC8C22C00012A0E /* HokutosaiAppTests.swift */ = {isa = PBXFileReference; lastKnownFileType = sourcecode.swift; path = HokutosaiAppTests.swift; sourceTree = "<group>"; };
		A77B39111CC8C22C00012A0E /* Info.plist */ = {isa = PBXFileReference; lastKnownFileType = text.plist.xml; path = Info.plist; sourceTree = "<group>"; };
		A77B39161CC8C22C00012A0E /* HokutosaiAppUITests.xctest */ = {isa = PBXFileReference; explicitFileType = wrapper.cfbundle; includeInIndex = 0; path = HokutosaiAppUITests.xctest; sourceTree = BUILT_PRODUCTS_DIR; };
		A77B391A1CC8C22C00012A0E /* HokutosaiAppUITests.swift */ = {isa = PBXFileReference; lastKnownFileType = sourcecode.swift; path = HokutosaiAppUITests.swift; sourceTree = "<group>"; };
		A77B391C1CC8C22C00012A0E /* Info.plist */ = {isa = PBXFileReference; lastKnownFileType = text.plist.xml; path = Info.plist; sourceTree = "<group>"; };
		A77F9DE41CC9008600BEE9A7 /* MainTabViewController.swift */ = {isa = PBXFileReference; fileEncoding = 4; lastKnownFileType = sourcecode.swift; path = MainTabViewController.swift; sourceTree = "<group>"; };
		A77F9DE61CC910A400BEE9A7 /* NewsViewController.swift */ = {isa = PBXFileReference; fileEncoding = 4; lastKnownFileType = sourcecode.swift; path = NewsViewController.swift; sourceTree = "<group>"; };
		A77F9DE81CC910F800BEE9A7 /* ShopsViewController.swift */ = {isa = PBXFileReference; fileEncoding = 4; lastKnownFileType = sourcecode.swift; path = ShopsViewController.swift; sourceTree = "<group>"; };
		A77F9DEA1CC9111000BEE9A7 /* ExhibitionsViewController.swift */ = {isa = PBXFileReference; fileEncoding = 4; lastKnownFileType = sourcecode.swift; path = ExhibitionsViewController.swift; sourceTree = "<group>"; };
		A77F9DEC1CC9112700BEE9A7 /* EventsViewController.swift */ = {isa = PBXFileReference; fileEncoding = 4; lastKnownFileType = sourcecode.swift; path = EventsViewController.swift; sourceTree = "<group>"; };
		C4F766DA8D757B41B41297FB /* Pods-HokutosaiApp.release.xcconfig */ = {isa = PBXFileReference; includeInIndex = 1; lastKnownFileType = text.xcconfig; name = "Pods-HokutosaiApp.release.xcconfig"; path = "Pods/Target Support Files/Pods-HokutosaiApp/Pods-HokutosaiApp.release.xcconfig"; sourceTree = "<group>"; };
/* End PBXFileReference section */

/* Begin PBXFrameworksBuildPhase section */
		A77B38F41CC8C22C00012A0E /* Frameworks */ = {
			isa = PBXFrameworksBuildPhase;
			buildActionMask = 2147483647;
			files = (
				52AA5A9A07ED55E6CE7C6959 /* Pods_HokutosaiApp.framework in Frameworks */,
			);
			runOnlyForDeploymentPostprocessing = 0;
		};
		A77B39081CC8C22C00012A0E /* Frameworks */ = {
			isa = PBXFrameworksBuildPhase;
			buildActionMask = 2147483647;
			files = (
			);
			runOnlyForDeploymentPostprocessing = 0;
		};
		A77B39131CC8C22C00012A0E /* Frameworks */ = {
			isa = PBXFrameworksBuildPhase;
			buildActionMask = 2147483647;
			files = (
			);
			runOnlyForDeploymentPostprocessing = 0;
		};
/* End PBXFrameworksBuildPhase section */

/* Begin PBXGroup section */
		0F463E96ECB1CE21579B13D4 /* Frameworks */ = {
			isa = PBXGroup;
			children = (
				906BE70B87479B1542A60B06 /* Pods_HokutosaiApp.framework */,
			);
			name = Frameworks;
			sourceTree = "<group>";
		};
		A77483001CCB748C003AC18F /* REST */ = {
			isa = PBXGroup;
			children = (
				A77483091CCBAA07003AC18F /* HokutosaiApi */,
				A77483011CCB7695003AC18F /* NetworkResource.swift */,
				A77483031CCB79FC003AC18F /* Endpoint.swift */,
				A77483051CCB7B9E003AC18F /* REST.swift */,
				A77483071CCB8D1A003AC18F /* HttpResponse.swift */,
			);
			name = REST;
			sourceTree = "<group>";
		};
		A77483091CCBAA07003AC18F /* HokutosaiApi */ = {
			isa = PBXGroup;
			children = (
				A774830A1CCBAA28003AC18F /* HokutosaiApiEndpoint.swift */,
				A774830E1CCBB0E0003AC18F /* HokutosaiApi.swift */,
				A774831A1CCBE285003AC18F /* AccountManager.swift */,
			);
			name = HokutosaiApi;
			sourceTree = "<group>";
		};
		A77483101CCBBAF0003AC18F /* Model */ = {
			isa = PBXGroup;
			children = (
				A77483311CCCD35B003AC18F /* Likes */,
				A77483271CCCC288003AC18F /* Accounts */,
				A77483201CCCBC9A003AC18F /* Places */,
				A77483171CCBCE66003AC18F /* Assessments */,
				A77483141CCBCBF8003AC18F /* Shops */,
				A77483111CCBBB8A003AC18F /* HokutosaiApi */,
			);
			name = Model;
			sourceTree = "<group>";
		};
		A77483111CCBBB8A003AC18F /* HokutosaiApi */ = {
			isa = PBXGroup;
			children = (
				A774830C1CCBAA9F003AC18F /* HokutosaiApiError.swift */,
			);
			name = HokutosaiApi;
			sourceTree = "<group>";
		};
		A77483141CCBCBF8003AC18F /* Shops */ = {
			isa = PBXGroup;
			children = (
				A77483151CCBCC90003AC18F /* Shop.swift */,
				A774831E1CCCBBA8003AC18F /* DetailedShop.swift */,
				A77483231CCCBF13003AC18F /* MenuItem.swift */,
				A774832F1CCCD2AB003AC18F /* ShopMyAssessment.swift */,
			);
			name = Shops;
			sourceTree = "<group>";
		};
		A77483171CCBCE66003AC18F /* Assessments */ = {
			isa = PBXGroup;
			children = (
				A77483181CCBCE98003AC18F /* AssessedScore.swift */,
				A77483251CCCC08A003AC18F /* Assessment.swift */,
				A774832D1CCCD1AA003AC18F /* MyAssessment.swift */,
			);
			name = Assessments;
			sourceTree = "<group>";
		};
		A77483201CCCBC9A003AC18F /* Places */ = {
			isa = PBXGroup;
			children = (
				A77483211CCCBCB3003AC18F /* Place.swift */,
			);
			name = Places;
			sourceTree = "<group>";
		};
		A77483271CCCC288003AC18F /* Accounts */ = {
			isa = PBXGroup;
			children = (
				A77483281CCCC427003AC18F /* User.swift */,
				A77483121CCBBC1E003AC18F /* HokutosaiAccount.swift */,
			);
			name = Accounts;
			sourceTree = "<group>";
		};
		A774832A1CCCC7CF003AC18F /* Utility */ = {
			isa = PBXGroup;
			children = (
				A774832B1CCCC84B003AC18F /* HokutosaiDateTransform.swift */,
			);
			name = Utility;
			sourceTree = "<group>";
		};
		A77483311CCCD35B003AC18F /* Likes */ = {
			isa = PBXGroup;
			children = (
				A77483321CCCD380003AC18F /* LikeResult.swift */,
			);
			name = Likes;
			sourceTree = "<group>";
		};
		A77B38EE1CC8C22C00012A0E = {
			isa = PBXGroup;
			children = (
				A77B38F91CC8C22C00012A0E /* HokutosaiApp */,
				A77B390E1CC8C22C00012A0E /* HokutosaiAppTests */,
				A77B39191CC8C22C00012A0E /* HokutosaiAppUITests */,
				A77B38F81CC8C22C00012A0E /* Products */,
				C3415C3CFED4FAA3CCA79F2E /* Pods */,
				0F463E96ECB1CE21579B13D4 /* Frameworks */,
			);
			sourceTree = "<group>";
		};
		A77B38F81CC8C22C00012A0E /* Products */ = {
			isa = PBXGroup;
			children = (
				A77B38F71CC8C22C00012A0E /* HokutosaiApp.app */,
				A77B390B1CC8C22C00012A0E /* HokutosaiAppTests.xctest */,
				A77B39161CC8C22C00012A0E /* HokutosaiAppUITests.xctest */,
			);
			name = Products;
			sourceTree = "<group>";
		};
		A77B38F91CC8C22C00012A0E /* HokutosaiApp */ = {
			isa = PBXGroup;
			children = (
				A774832A1CCCC7CF003AC18F /* Utility */,
				A77483101CCBBAF0003AC18F /* Model */,
				A77483001CCB748C003AC18F /* REST */,
				A77F9DDF1CC8FE8C00BEE9A7 /* Controllers */,
				A77B38FA1CC8C22C00012A0E /* AppDelegate.swift */,
				A77B39011CC8C22C00012A0E /* Assets.xcassets */,
				A77B39061CC8C22C00012A0E /* Info.plist */,
			);
			path = HokutosaiApp;
			sourceTree = "<group>";
		};
		A77B390E1CC8C22C00012A0E /* HokutosaiAppTests */ = {
			isa = PBXGroup;
			children = (
				A77B390F1CC8C22C00012A0E /* HokutosaiAppTests.swift */,
				A77B39111CC8C22C00012A0E /* Info.plist */,
			);
			path = HokutosaiAppTests;
			sourceTree = "<group>";
		};
		A77B39191CC8C22C00012A0E /* HokutosaiAppUITests */ = {
			isa = PBXGroup;
			children = (
				A77B391A1CC8C22C00012A0E /* HokutosaiAppUITests.swift */,
				A77B391C1CC8C22C00012A0E /* Info.plist */,
			);
			path = HokutosaiAppUITests;
			sourceTree = "<group>";
		};
		A77F9DDF1CC8FE8C00BEE9A7 /* Controllers */ = {
			isa = PBXGroup;
			children = (
				A77F9DE31CC8FF2900BEE9A7 /* Events */,
				A77F9DE21CC8FF0400BEE9A7 /* Exhibitions */,
				A77F9DE11CC8FEFC00BEE9A7 /* Shops */,
				A77F9DE01CC8FEEB00BEE9A7 /* News */,
				A77F9DE41CC9008600BEE9A7 /* MainTabViewController.swift */,
			);
			name = Controllers;
			sourceTree = "<group>";
		};
		A77F9DE01CC8FEEB00BEE9A7 /* News */ = {
			isa = PBXGroup;
			children = (
				A77F9DE61CC910A400BEE9A7 /* NewsViewController.swift */,
			);
			name = News;
			sourceTree = "<group>";
		};
		A77F9DE11CC8FEFC00BEE9A7 /* Shops */ = {
			isa = PBXGroup;
			children = (
				A77F9DE81CC910F800BEE9A7 /* ShopsViewController.swift */,
			);
			name = Shops;
			sourceTree = "<group>";
		};
		A77F9DE21CC8FF0400BEE9A7 /* Exhibitions */ = {
			isa = PBXGroup;
			children = (
				A77F9DEA1CC9111000BEE9A7 /* ExhibitionsViewController.swift */,
			);
			name = Exhibitions;
			sourceTree = "<group>";
		};
		A77F9DE31CC8FF2900BEE9A7 /* Events */ = {
			isa = PBXGroup;
			children = (
				A77F9DEC1CC9112700BEE9A7 /* EventsViewController.swift */,
			);
			name = Events;
			sourceTree = "<group>";
		};
		C3415C3CFED4FAA3CCA79F2E /* Pods */ = {
			isa = PBXGroup;
			children = (
				97E68EEBAEB8E63EB23447F5 /* Pods-HokutosaiApp.debug.xcconfig */,
				C4F766DA8D757B41B41297FB /* Pods-HokutosaiApp.release.xcconfig */,
			);
			name = Pods;
			sourceTree = "<group>";
		};
/* End PBXGroup section */

/* Begin PBXNativeTarget section */
		A77B38F61CC8C22C00012A0E /* HokutosaiApp */ = {
			isa = PBXNativeTarget;
			buildConfigurationList = A77B391F1CC8C22C00012A0E /* Build configuration list for PBXNativeTarget "HokutosaiApp" */;
			buildPhases = (
				9F284A8028737332712C395F /* Check Pods Manifest.lock */,
				A77B38F31CC8C22C00012A0E /* Sources */,
				A77B38F41CC8C22C00012A0E /* Frameworks */,
				A77B38F51CC8C22C00012A0E /* Resources */,
				D14FB0CC0569E3381311B413 /* Embed Pods Frameworks */,
				B4F04EDC2F4CCB53B59E62F4 /* Copy Pods Resources */,
			);
			buildRules = (
			);
			dependencies = (
			);
			name = HokutosaiApp;
			productName = HokutosaiApp;
			productReference = A77B38F71CC8C22C00012A0E /* HokutosaiApp.app */;
			productType = "com.apple.product-type.application";
		};
		A77B390A1CC8C22C00012A0E /* HokutosaiAppTests */ = {
			isa = PBXNativeTarget;
			buildConfigurationList = A77B39221CC8C22C00012A0E /* Build configuration list for PBXNativeTarget "HokutosaiAppTests" */;
			buildPhases = (
				A77B39071CC8C22C00012A0E /* Sources */,
				A77B39081CC8C22C00012A0E /* Frameworks */,
				A77B39091CC8C22C00012A0E /* Resources */,
			);
			buildRules = (
			);
			dependencies = (
				A77B390D1CC8C22C00012A0E /* PBXTargetDependency */,
			);
			name = HokutosaiAppTests;
			productName = HokutosaiAppTests;
			productReference = A77B390B1CC8C22C00012A0E /* HokutosaiAppTests.xctest */;
			productType = "com.apple.product-type.bundle.unit-test";
		};
		A77B39151CC8C22C00012A0E /* HokutosaiAppUITests */ = {
			isa = PBXNativeTarget;
			buildConfigurationList = A77B39251CC8C22C00012A0E /* Build configuration list for PBXNativeTarget "HokutosaiAppUITests" */;
			buildPhases = (
				A77B39121CC8C22C00012A0E /* Sources */,
				A77B39131CC8C22C00012A0E /* Frameworks */,
				A77B39141CC8C22C00012A0E /* Resources */,
			);
			buildRules = (
			);
			dependencies = (
				A77B39181CC8C22C00012A0E /* PBXTargetDependency */,
			);
			name = HokutosaiAppUITests;
			productName = HokutosaiAppUITests;
			productReference = A77B39161CC8C22C00012A0E /* HokutosaiAppUITests.xctest */;
			productType = "com.apple.product-type.bundle.ui-testing";
		};
/* End PBXNativeTarget section */

/* Begin PBXProject section */
		A77B38EF1CC8C22C00012A0E /* Project object */ = {
			isa = PBXProject;
			attributes = {
				LastSwiftUpdateCheck = 0730;
				LastUpgradeCheck = 0730;
				ORGANIZATIONNAME = "Shuka Takakuma";
				TargetAttributes = {
					A77B38F61CC8C22C00012A0E = {
						CreatedOnToolsVersion = 7.3;
						DevelopmentTeam = UCX35CL26E;
					};
					A77B390A1CC8C22C00012A0E = {
						CreatedOnToolsVersion = 7.3;
						DevelopmentTeam = UCX35CL26E;
						TestTargetID = A77B38F61CC8C22C00012A0E;
					};
					A77B39151CC8C22C00012A0E = {
						CreatedOnToolsVersion = 7.3;
						DevelopmentTeam = UCX35CL26E;
						TestTargetID = A77B38F61CC8C22C00012A0E;
					};
				};
			};
			buildConfigurationList = A77B38F21CC8C22C00012A0E /* Build configuration list for PBXProject "HokutosaiApp" */;
			compatibilityVersion = "Xcode 3.2";
			developmentRegion = English;
			hasScannedForEncodings = 0;
			knownRegions = (
				en,
				Base,
			);
			mainGroup = A77B38EE1CC8C22C00012A0E;
			productRefGroup = A77B38F81CC8C22C00012A0E /* Products */;
			projectDirPath = "";
			projectRoot = "";
			targets = (
				A77B38F61CC8C22C00012A0E /* HokutosaiApp */,
				A77B390A1CC8C22C00012A0E /* HokutosaiAppTests */,
				A77B39151CC8C22C00012A0E /* HokutosaiAppUITests */,
			);
		};
/* End PBXProject section */

/* Begin PBXResourcesBuildPhase section */
		A77B38F51CC8C22C00012A0E /* Resources */ = {
			isa = PBXResourcesBuildPhase;
			buildActionMask = 2147483647;
			files = (
				A77B39021CC8C22C00012A0E /* Assets.xcassets in Resources */,
			);
			runOnlyForDeploymentPostprocessing = 0;
		};
		A77B39091CC8C22C00012A0E /* Resources */ = {
			isa = PBXResourcesBuildPhase;
			buildActionMask = 2147483647;
			files = (
			);
			runOnlyForDeploymentPostprocessing = 0;
		};
		A77B39141CC8C22C00012A0E /* Resources */ = {
			isa = PBXResourcesBuildPhase;
			buildActionMask = 2147483647;
			files = (
			);
			runOnlyForDeploymentPostprocessing = 0;
		};
/* End PBXResourcesBuildPhase section */

/* Begin PBXShellScriptBuildPhase section */
		9F284A8028737332712C395F /* Check Pods Manifest.lock */ = {
			isa = PBXShellScriptBuildPhase;
			buildActionMask = 2147483647;
			files = (
			);
			inputPaths = (
			);
			name = "Check Pods Manifest.lock";
			outputPaths = (
			);
			runOnlyForDeploymentPostprocessing = 0;
			shellPath = /bin/sh;
			shellScript = "diff \"${PODS_ROOT}/../Podfile.lock\" \"${PODS_ROOT}/Manifest.lock\" > /dev/null\nif [[ $? != 0 ]] ; then\n    cat << EOM\nerror: The sandbox is not in sync with the Podfile.lock. Run 'pod install' or update your CocoaPods installation.\nEOM\n    exit 1\nfi\n";
			showEnvVarsInLog = 0;
		};
		B4F04EDC2F4CCB53B59E62F4 /* Copy Pods Resources */ = {
			isa = PBXShellScriptBuildPhase;
			buildActionMask = 2147483647;
			files = (
			);
			inputPaths = (
			);
			name = "Copy Pods Resources";
			outputPaths = (
			);
			runOnlyForDeploymentPostprocessing = 0;
			shellPath = /bin/sh;
			shellScript = "\"${SRCROOT}/Pods/Target Support Files/Pods-HokutosaiApp/Pods-HokutosaiApp-resources.sh\"\n";
			showEnvVarsInLog = 0;
		};
		D14FB0CC0569E3381311B413 /* Embed Pods Frameworks */ = {
			isa = PBXShellScriptBuildPhase;
			buildActionMask = 2147483647;
			files = (
			);
			inputPaths = (
			);
			name = "Embed Pods Frameworks";
			outputPaths = (
			);
			runOnlyForDeploymentPostprocessing = 0;
			shellPath = /bin/sh;
			shellScript = "\"${SRCROOT}/Pods/Target Support Files/Pods-HokutosaiApp/Pods-HokutosaiApp-frameworks.sh\"\n";
			showEnvVarsInLog = 0;
		};
/* End PBXShellScriptBuildPhase section */

/* Begin PBXSourcesBuildPhase section */
		A77B38F31CC8C22C00012A0E /* Sources */ = {
			isa = PBXSourcesBuildPhase;
			buildActionMask = 2147483647;
			files = (
				A77483081CCB8D1A003AC18F /* HttpResponse.swift in Sources */,
				A774832C1CCCC84B003AC18F /* HokutosaiDateTransform.swift in Sources */,
				A77483221CCCBCB3003AC18F /* Place.swift in Sources */,
				A774830F1CCBB0E0003AC18F /* HokutosaiApi.swift in Sources */,
				A77F9DE91CC910F800BEE9A7 /* ShopsViewController.swift in Sources */,
				A77483161CCBCC90003AC18F /* Shop.swift in Sources */,
				A77F9DE71CC910A400BEE9A7 /* NewsViewController.swift in Sources */,
				A77483261CCCC08A003AC18F /* Assessment.swift in Sources */,
				A77483191CCBCE98003AC18F /* AssessedScore.swift in Sources */,
				A77483041CCB79FC003AC18F /* Endpoint.swift in Sources */,
				A774830B1CCBAA28003AC18F /* HokutosaiApiEndpoint.swift in Sources */,
				A77483291CCCC427003AC18F /* User.swift in Sources */,
				A77483301CCCD2AB003AC18F /* ShopMyAssessment.swift in Sources */,
				A77483241CCCBF13003AC18F /* MenuItem.swift in Sources */,
				A77F9DEB1CC9111000BEE9A7 /* ExhibitionsViewController.swift in Sources */,
				A774831F1CCCBBA8003AC18F /* DetailedShop.swift in Sources */,
				A77483061CCB7B9E003AC18F /* REST.swift in Sources */,
				A77483331CCCD380003AC18F /* LikeResult.swift in Sources */,
				A77B38FB1CC8C22C00012A0E /* AppDelegate.swift in Sources */,
				A774832E1CCCD1AA003AC18F /* MyAssessment.swift in Sources */,
				A77483131CCBBC1E003AC18F /* HokutosaiAccount.swift in Sources */,
				A77F9DE51CC9008600BEE9A7 /* MainTabViewController.swift in Sources */,
				A774830D1CCBAA9F003AC18F /* HokutosaiApiError.swift in Sources */,
				A774831B1CCBE285003AC18F /* AccountManager.swift in Sources */,
				A77F9DED1CC9112700BEE9A7 /* EventsViewController.swift in Sources */,
				A77483021CCB7695003AC18F /* NetworkResource.swift in Sources */,
			);
			runOnlyForDeploymentPostprocessing = 0;
		};
		A77B39071CC8C22C00012A0E /* Sources */ = {
			isa = PBXSourcesBuildPhase;
			buildActionMask = 2147483647;
			files = (
				A77B39101CC8C22C00012A0E /* HokutosaiAppTests.swift in Sources */,
			);
			runOnlyForDeploymentPostprocessing = 0;
		};
		A77B39121CC8C22C00012A0E /* Sources */ = {
			isa = PBXSourcesBuildPhase;
			buildActionMask = 2147483647;
			files = (
				A77B391B1CC8C22C00012A0E /* HokutosaiAppUITests.swift in Sources */,
			);
			runOnlyForDeploymentPostprocessing = 0;
		};
/* End PBXSourcesBuildPhase section */

/* Begin PBXTargetDependency section */
		A77B390D1CC8C22C00012A0E /* PBXTargetDependency */ = {
			isa = PBXTargetDependency;
			target = A77B38F61CC8C22C00012A0E /* HokutosaiApp */;
			targetProxy = A77B390C1CC8C22C00012A0E /* PBXContainerItemProxy */;
		};
		A77B39181CC8C22C00012A0E /* PBXTargetDependency */ = {
			isa = PBXTargetDependency;
			target = A77B38F61CC8C22C00012A0E /* HokutosaiApp */;
			targetProxy = A77B39171CC8C22C00012A0E /* PBXContainerItemProxy */;
		};
/* End PBXTargetDependency section */

/* Begin XCBuildConfiguration section */
		A77B391D1CC8C22C00012A0E /* Debug */ = {
			isa = XCBuildConfiguration;
			buildSettings = {
				ALWAYS_SEARCH_USER_PATHS = NO;
				CLANG_ANALYZER_NONNULL = YES;
				CLANG_CXX_LANGUAGE_STANDARD = "gnu++0x";
				CLANG_CXX_LIBRARY = "libc++";
				CLANG_ENABLE_MODULES = YES;
				CLANG_ENABLE_OBJC_ARC = YES;
				CLANG_WARN_BOOL_CONVERSION = YES;
				CLANG_WARN_CONSTANT_CONVERSION = YES;
				CLANG_WARN_DIRECT_OBJC_ISA_USAGE = YES_ERROR;
				CLANG_WARN_EMPTY_BODY = YES;
				CLANG_WARN_ENUM_CONVERSION = YES;
				CLANG_WARN_INT_CONVERSION = YES;
				CLANG_WARN_OBJC_ROOT_CLASS = YES_ERROR;
				CLANG_WARN_UNREACHABLE_CODE = YES;
				CLANG_WARN__DUPLICATE_METHOD_MATCH = YES;
				"CODE_SIGN_IDENTITY[sdk=iphoneos*]" = "iPhone Developer";
				COPY_PHASE_STRIP = NO;
				DEBUG_INFORMATION_FORMAT = dwarf;
				ENABLE_STRICT_OBJC_MSGSEND = YES;
				ENABLE_TESTABILITY = YES;
				GCC_C_LANGUAGE_STANDARD = gnu99;
				GCC_DYNAMIC_NO_PIC = NO;
				GCC_NO_COMMON_BLOCKS = YES;
				GCC_OPTIMIZATION_LEVEL = 0;
				GCC_PREPROCESSOR_DEFINITIONS = (
					"DEBUG=1",
					"$(inherited)",
				);
				GCC_WARN_64_TO_32_BIT_CONVERSION = YES;
				GCC_WARN_ABOUT_RETURN_TYPE = YES_ERROR;
				GCC_WARN_UNDECLARED_SELECTOR = YES;
				GCC_WARN_UNINITIALIZED_AUTOS = YES_AGGRESSIVE;
				GCC_WARN_UNUSED_FUNCTION = YES;
				GCC_WARN_UNUSED_VARIABLE = YES;
				IPHONEOS_DEPLOYMENT_TARGET = 9.3;
				MTL_ENABLE_DEBUG_INFO = YES;
				ONLY_ACTIVE_ARCH = YES;
				SDKROOT = iphoneos;
				SWIFT_OPTIMIZATION_LEVEL = "-Onone";
			};
			name = Debug;
		};
		A77B391E1CC8C22C00012A0E /* Release */ = {
			isa = XCBuildConfiguration;
			buildSettings = {
				ALWAYS_SEARCH_USER_PATHS = NO;
				CLANG_ANALYZER_NONNULL = YES;
				CLANG_CXX_LANGUAGE_STANDARD = "gnu++0x";
				CLANG_CXX_LIBRARY = "libc++";
				CLANG_ENABLE_MODULES = YES;
				CLANG_ENABLE_OBJC_ARC = YES;
				CLANG_WARN_BOOL_CONVERSION = YES;
				CLANG_WARN_CONSTANT_CONVERSION = YES;
				CLANG_WARN_DIRECT_OBJC_ISA_USAGE = YES_ERROR;
				CLANG_WARN_EMPTY_BODY = YES;
				CLANG_WARN_ENUM_CONVERSION = YES;
				CLANG_WARN_INT_CONVERSION = YES;
				CLANG_WARN_OBJC_ROOT_CLASS = YES_ERROR;
				CLANG_WARN_UNREACHABLE_CODE = YES;
				CLANG_WARN__DUPLICATE_METHOD_MATCH = YES;
				"CODE_SIGN_IDENTITY[sdk=iphoneos*]" = "iPhone Developer";
				COPY_PHASE_STRIP = NO;
				DEBUG_INFORMATION_FORMAT = "dwarf-with-dsym";
				ENABLE_NS_ASSERTIONS = NO;
				ENABLE_STRICT_OBJC_MSGSEND = YES;
				GCC_C_LANGUAGE_STANDARD = gnu99;
				GCC_NO_COMMON_BLOCKS = YES;
				GCC_WARN_64_TO_32_BIT_CONVERSION = YES;
				GCC_WARN_ABOUT_RETURN_TYPE = YES_ERROR;
				GCC_WARN_UNDECLARED_SELECTOR = YES;
				GCC_WARN_UNINITIALIZED_AUTOS = YES_AGGRESSIVE;
				GCC_WARN_UNUSED_FUNCTION = YES;
				GCC_WARN_UNUSED_VARIABLE = YES;
				IPHONEOS_DEPLOYMENT_TARGET = 9.3;
				MTL_ENABLE_DEBUG_INFO = NO;
				SDKROOT = iphoneos;
				VALIDATE_PRODUCT = YES;
			};
			name = Release;
		};
		A77B39201CC8C22C00012A0E /* Debug */ = {
			isa = XCBuildConfiguration;
			baseConfigurationReference = 97E68EEBAEB8E63EB23447F5 /* Pods-HokutosaiApp.debug.xcconfig */;
			buildSettings = {
				ASSETCATALOG_COMPILER_APPICON_NAME = AppIcon;
				INFOPLIST_FILE = HokutosaiApp/Info.plist;
				IPHONEOS_DEPLOYMENT_TARGET = 8.0;
				LD_RUNPATH_SEARCH_PATHS = "$(inherited) @executable_path/Frameworks";
				PRODUCT_BUNDLE_IDENTIFIER = takakuma.shuka.HokutosaiApp;
				PRODUCT_NAME = "$(TARGET_NAME)";
			};
			name = Debug;
		};
		A77B39211CC8C22C00012A0E /* Release */ = {
			isa = XCBuildConfiguration;
			baseConfigurationReference = C4F766DA8D757B41B41297FB /* Pods-HokutosaiApp.release.xcconfig */;
			buildSettings = {
				ASSETCATALOG_COMPILER_APPICON_NAME = AppIcon;
				INFOPLIST_FILE = HokutosaiApp/Info.plist;
				IPHONEOS_DEPLOYMENT_TARGET = 8.0;
				LD_RUNPATH_SEARCH_PATHS = "$(inherited) @executable_path/Frameworks";
				PRODUCT_BUNDLE_IDENTIFIER = takakuma.shuka.HokutosaiApp;
				PRODUCT_NAME = "$(TARGET_NAME)";
			};
			name = Release;
		};
		A77B39231CC8C22C00012A0E /* Debug */ = {
			isa = XCBuildConfiguration;
			buildSettings = {
				BUNDLE_LOADER = "$(TEST_HOST)";
				INFOPLIST_FILE = HokutosaiAppTests/Info.plist;
				LD_RUNPATH_SEARCH_PATHS = "$(inherited) @executable_path/Frameworks @loader_path/Frameworks";
				PRODUCT_BUNDLE_IDENTIFIER = takakuma.shuka.HokutosaiAppTests;
				PRODUCT_NAME = "$(TARGET_NAME)";
				TEST_HOST = "$(BUILT_PRODUCTS_DIR)/HokutosaiApp.app/HokutosaiApp";
			};
			name = Debug;
		};
		A77B39241CC8C22C00012A0E /* Release */ = {
			isa = XCBuildConfiguration;
			buildSettings = {
				BUNDLE_LOADER = "$(TEST_HOST)";
				INFOPLIST_FILE = HokutosaiAppTests/Info.plist;
				LD_RUNPATH_SEARCH_PATHS = "$(inherited) @executable_path/Frameworks @loader_path/Frameworks";
				PRODUCT_BUNDLE_IDENTIFIER = takakuma.shuka.HokutosaiAppTests;
				PRODUCT_NAME = "$(TARGET_NAME)";
				TEST_HOST = "$(BUILT_PRODUCTS_DIR)/HokutosaiApp.app/HokutosaiApp";
			};
			name = Release;
		};
		A77B39261CC8C22C00012A0E /* Debug */ = {
			isa = XCBuildConfiguration;
			buildSettings = {
				INFOPLIST_FILE = HokutosaiAppUITests/Info.plist;
				LD_RUNPATH_SEARCH_PATHS = "$(inherited) @executable_path/Frameworks @loader_path/Frameworks";
				PRODUCT_BUNDLE_IDENTIFIER = takakuma.shuka.HokutosaiAppUITests;
				PRODUCT_NAME = "$(TARGET_NAME)";
				TEST_TARGET_NAME = HokutosaiApp;
			};
			name = Debug;
		};
		A77B39271CC8C22C00012A0E /* Release */ = {
			isa = XCBuildConfiguration;
			buildSettings = {
				INFOPLIST_FILE = HokutosaiAppUITests/Info.plist;
				LD_RUNPATH_SEARCH_PATHS = "$(inherited) @executable_path/Frameworks @loader_path/Frameworks";
				PRODUCT_BUNDLE_IDENTIFIER = takakuma.shuka.HokutosaiAppUITests;
				PRODUCT_NAME = "$(TARGET_NAME)";
				TEST_TARGET_NAME = HokutosaiApp;
			};
			name = Release;
		};
/* End XCBuildConfiguration section */

/* Begin XCConfigurationList section */
		A77B38F21CC8C22C00012A0E /* Build configuration list for PBXProject "HokutosaiApp" */ = {
			isa = XCConfigurationList;
			buildConfigurations = (
				A77B391D1CC8C22C00012A0E /* Debug */,
				A77B391E1CC8C22C00012A0E /* Release */,
			);
			defaultConfigurationIsVisible = 0;
			defaultConfigurationName = Release;
		};
		A77B391F1CC8C22C00012A0E /* Build configuration list for PBXNativeTarget "HokutosaiApp" */ = {
			isa = XCConfigurationList;
			buildConfigurations = (
				A77B39201CC8C22C00012A0E /* Debug */,
				A77B39211CC8C22C00012A0E /* Release */,
			);
			defaultConfigurationIsVisible = 0;
			defaultConfigurationName = Release;
		};
		A77B39221CC8C22C00012A0E /* Build configuration list for PBXNativeTarget "HokutosaiAppTests" */ = {
			isa = XCConfigurationList;
			buildConfigurations = (
				A77B39231CC8C22C00012A0E /* Debug */,
				A77B39241CC8C22C00012A0E /* Release */,
			);
			defaultConfigurationIsVisible = 0;
			defaultConfigurationName = Release;
		};
		A77B39251CC8C22C00012A0E /* Build configuration list for PBXNativeTarget "HokutosaiAppUITests" */ = {
			isa = XCConfigurationList;
			buildConfigurations = (
				A77B39261CC8C22C00012A0E /* Debug */,
				A77B39271CC8C22C00012A0E /* Release */,
			);
			defaultConfigurationIsVisible = 0;
			defaultConfigurationName = Release;
		};
/* End XCConfigurationList section */
	};
	rootObject = A77B38EF1CC8C22C00012A0E /* Project object */;
}
